// !$*UTF8*$!
{
	archiveVersion = 1;
	classes = {
	};
	objectVersion = 51;
	objects = {

/* Begin PBXBuildFile section */
		746727902361DE90005D04AE /* FoodListModel.swift in Sources */ = {isa = PBXBuildFile; fileRef = 7467278F2361DE90005D04AE /* FoodListModel.swift */; };
		746727932361DED4005D04AE /* BaseModel.swift in Sources */ = {isa = PBXBuildFile; fileRef = 746727922361DED4005D04AE /* BaseModel.swift */; };
		746727952361DEE2005D04AE /* FoodListModelImpl.swift in Sources */ = {isa = PBXBuildFile; fileRef = 746727942361DEE1005D04AE /* FoodListModelImpl.swift */; };
		7467279723620779005D04AE /* AddToFoodListViewController.swift in Sources */ = {isa = PBXBuildFile; fileRef = 7467279623620779005D04AE /* AddToFoodListViewController.swift */; };
		7467279923620F44005D04AE /* ImagePickerManager.swift in Sources */ = {isa = PBXBuildFile; fileRef = 7467279823620F44005D04AE /* ImagePickerManager.swift */; };
		749B5A4A23616E2E00F0D303 /* AppDelegate.swift in Sources */ = {isa = PBXBuildFile; fileRef = 749B5A4923616E2E00F0D303 /* AppDelegate.swift */; };
		749B5A4C23616E2E00F0D303 /* ViewController.swift in Sources */ = {isa = PBXBuildFile; fileRef = 749B5A4B23616E2E00F0D303 /* ViewController.swift */; };
		749B5A4F23616E2E00F0D303 /* Main.storyboard in Resources */ = {isa = PBXBuildFile; fileRef = 749B5A4D23616E2E00F0D303 /* Main.storyboard */; };
		749B5A5123616E2F00F0D303 /* Assets.xcassets in Resources */ = {isa = PBXBuildFile; fileRef = 749B5A5023616E2F00F0D303 /* Assets.xcassets */; };
		749B5A5423616E2F00F0D303 /* LaunchScreen.storyboard in Resources */ = {isa = PBXBuildFile; fileRef = 749B5A5223616E2F00F0D303 /* LaunchScreen.storyboard */; };
		749B5A5C23616E9200F0D303 /* GoogleService-Info.plist in Resources */ = {isa = PBXBuildFile; fileRef = 749B5A5B23616E9200F0D303 /* GoogleService-Info.plist */; };
		749B5A6D2361A77600F0D303 /* CardView.swift in Sources */ = {isa = PBXBuildFile; fileRef = 749B5A6C2361A77600F0D303 /* CardView.swift */; };
		749B5A702361AED100F0D303 /* FoodListTableViewCell.swift in Sources */ = {isa = PBXBuildFile; fileRef = 749B5A6E2361AED100F0D303 /* FoodListTableViewCell.swift */; };
		749B5A712361AED100F0D303 /* FoodListTableViewCell.xib in Resources */ = {isa = PBXBuildFile; fileRef = 749B5A6F2361AED100F0D303 /* FoodListTableViewCell.xib */; };
		749B5A732361CCB800F0D303 /* EntreeVO.swift in Sources */ = {isa = PBXBuildFile; fileRef = 749B5A722361CCB800F0D303 /* EntreeVO.swift */; };
		749B5A752361CCC100F0D303 /* DrinkVO.swift in Sources */ = {isa = PBXBuildFile; fileRef = 749B5A742361CCC100F0D303 /* DrinkVO.swift */; };
		749B5A772361CCCF00F0D303 /* MainVO.swift in Sources */ = {isa = PBXBuildFile; fileRef = 749B5A762361CCCF00F0D303 /* MainVO.swift */; };
		749B5A792361CCE100F0D303 /* DessertVO.swift in Sources */ = {isa = PBXBuildFile; fileRef = 749B5A782361CCE100F0D303 /* DessertVO.swift */; };
		CDEB62DDA4060560BBA33B87 /* Pods_PADC_9_WPA_IOS_Firebase_Assignment.framework in Frameworks */ = {isa = PBXBuildFile; fileRef = E4FED1911A68FAF52200FC92 /* Pods_PADC_9_WPA_IOS_Firebase_Assignment.framework */; };
/* End PBXBuildFile section */

/* Begin PBXFileReference section */
		43734257F14FF852EA238DEA /* Pods-PADC-9-WPA-IOS-Firebase-Assignment.debug.xcconfig */ = {isa = PBXFileReference; includeInIndex = 1; lastKnownFileType = text.xcconfig; name = "Pods-PADC-9-WPA-IOS-Firebase-Assignment.debug.xcconfig"; path = "Target Support Files/Pods-PADC-9-WPA-IOS-Firebase-Assignment/Pods-PADC-9-WPA-IOS-Firebase-Assignment.debug.xcconfig"; sourceTree = "<group>"; };
		743431FBEFC9FC817F415CB6 /* Pods-PADC-9-WPA-IOS-Firebase-Assignment.release.xcconfig */ = {isa = PBXFileReference; includeInIndex = 1; lastKnownFileType = text.xcconfig; name = "Pods-PADC-9-WPA-IOS-Firebase-Assignment.release.xcconfig"; path = "Target Support Files/Pods-PADC-9-WPA-IOS-Firebase-Assignment/Pods-PADC-9-WPA-IOS-Firebase-Assignment.release.xcconfig"; sourceTree = "<group>"; };
		7467278F2361DE90005D04AE /* FoodListModel.swift */ = {isa = PBXFileReference; lastKnownFileType = sourcecode.swift; path = FoodListModel.swift; sourceTree = "<group>"; };
		746727922361DED4005D04AE /* BaseModel.swift */ = {isa = PBXFileReference; lastKnownFileType = sourcecode.swift; path = BaseModel.swift; sourceTree = "<group>"; };
		746727942361DEE1005D04AE /* FoodListModelImpl.swift */ = {isa = PBXFileReference; lastKnownFileType = sourcecode.swift; path = FoodListModelImpl.swift; sourceTree = "<group>"; };
		7467279623620779005D04AE /* AddToFoodListViewController.swift */ = {isa = PBXFileReference; lastKnownFileType = sourcecode.swift; path = AddToFoodListViewController.swift; sourceTree = "<group>"; };
		7467279823620F44005D04AE /* ImagePickerManager.swift */ = {isa = PBXFileReference; lastKnownFileType = sourcecode.swift; path = ImagePickerManager.swift; sourceTree = "<group>"; };
		749B5A4623616E2E00F0D303 /* PADC-9-WPA-IOS-Firebase-Assignment.app */ = {isa = PBXFileReference; explicitFileType = wrapper.application; includeInIndex = 0; path = "PADC-9-WPA-IOS-Firebase-Assignment.app"; sourceTree = BUILT_PRODUCTS_DIR; };
		749B5A4923616E2E00F0D303 /* AppDelegate.swift */ = {isa = PBXFileReference; lastKnownFileType = sourcecode.swift; path = AppDelegate.swift; sourceTree = "<group>"; };
		749B5A4B23616E2E00F0D303 /* ViewController.swift */ = {isa = PBXFileReference; lastKnownFileType = sourcecode.swift; path = ViewController.swift; sourceTree = "<group>"; };
		749B5A4E23616E2E00F0D303 /* Base */ = {isa = PBXFileReference; lastKnownFileType = file.storyboard; name = Base; path = Base.lproj/Main.storyboard; sourceTree = "<group>"; };
		749B5A5023616E2F00F0D303 /* Assets.xcassets */ = {isa = PBXFileReference; lastKnownFileType = folder.assetcatalog; path = Assets.xcassets; sourceTree = "<group>"; };
		749B5A5323616E2F00F0D303 /* Base */ = {isa = PBXFileReference; lastKnownFileType = file.storyboard; name = Base; path = Base.lproj/LaunchScreen.storyboard; sourceTree = "<group>"; };
		749B5A5523616E2F00F0D303 /* Info.plist */ = {isa = PBXFileReference; lastKnownFileType = text.plist.xml; path = Info.plist; sourceTree = "<group>"; };
		749B5A5B23616E9200F0D303 /* GoogleService-Info.plist */ = {isa = PBXFileReference; fileEncoding = 4; lastKnownFileType = text.plist.xml; path = "GoogleService-Info.plist"; sourceTree = "<group>"; };
		749B5A6C2361A77600F0D303 /* CardView.swift */ = {isa = PBXFileReference; lastKnownFileType = sourcecode.swift; path = CardView.swift; sourceTree = "<group>"; };
		749B5A6E2361AED100F0D303 /* FoodListTableViewCell.swift */ = {isa = PBXFileReference; lastKnownFileType = sourcecode.swift; path = FoodListTableViewCell.swift; sourceTree = "<group>"; };
		749B5A6F2361AED100F0D303 /* FoodListTableViewCell.xib */ = {isa = PBXFileReference; lastKnownFileType = file.xib; path = FoodListTableViewCell.xib; sourceTree = "<group>"; };
		749B5A722361CCB800F0D303 /* EntreeVO.swift */ = {isa = PBXFileReference; lastKnownFileType = sourcecode.swift; path = EntreeVO.swift; sourceTree = "<group>"; };
		749B5A742361CCC100F0D303 /* DrinkVO.swift */ = {isa = PBXFileReference; lastKnownFileType = sourcecode.swift; path = DrinkVO.swift; sourceTree = "<group>"; };
		749B5A762361CCCF00F0D303 /* MainVO.swift */ = {isa = PBXFileReference; lastKnownFileType = sourcecode.swift; path = MainVO.swift; sourceTree = "<group>"; };
		749B5A782361CCE100F0D303 /* DessertVO.swift */ = {isa = PBXFileReference; lastKnownFileType = sourcecode.swift; path = DessertVO.swift; sourceTree = "<group>"; };
		E4FED1911A68FAF52200FC92 /* Pods_PADC_9_WPA_IOS_Firebase_Assignment.framework */ = {isa = PBXFileReference; explicitFileType = wrapper.framework; includeInIndex = 0; path = Pods_PADC_9_WPA_IOS_Firebase_Assignment.framework; sourceTree = BUILT_PRODUCTS_DIR; };
/* End PBXFileReference section */

/* Begin PBXFrameworksBuildPhase section */
		749B5A4323616E2E00F0D303 /* Frameworks */ = {
			isa = PBXFrameworksBuildPhase;
			buildActionMask = 2147483647;
			files = (
				CDEB62DDA4060560BBA33B87 /* Pods_PADC_9_WPA_IOS_Firebase_Assignment.framework in Frameworks */,
			);
			runOnlyForDeploymentPostprocessing = 0;
		};
/* End PBXFrameworksBuildPhase section */

/* Begin PBXGroup section */
		746727912361DE9D005D04AE /* models */ = {
			isa = PBXGroup;
			children = (
				7467278F2361DE90005D04AE /* FoodListModel.swift */,
				746727922361DED4005D04AE /* BaseModel.swift */,
				746727942361DEE1005D04AE /* FoodListModelImpl.swift */,
			);
			path = models;
			sourceTree = "<group>";
		};
		749B5A3D23616E2E00F0D303 = {
			isa = PBXGroup;
			children = (
				749B5A4823616E2E00F0D303 /* PADC-9-WPA-IOS-Firebase-Assignment */,
				749B5A4723616E2E00F0D303 /* Products */,
				FE73EBB77D3AEA39273638D7 /* Pods */,
				7A9322796BF1D1C9B739B9C4 /* Frameworks */,
			);
			sourceTree = "<group>";
		};
		749B5A4723616E2E00F0D303 /* Products */ = {
			isa = PBXGroup;
			children = (
				749B5A4623616E2E00F0D303 /* PADC-9-WPA-IOS-Firebase-Assignment.app */,
			);
			name = Products;
			sourceTree = "<group>";
		};
		749B5A4823616E2E00F0D303 /* PADC-9-WPA-IOS-Firebase-Assignment */ = {
			isa = PBXGroup;
			children = (
				749B5A6B2361A76A00F0D303 /* components */,
				749B5A6A236171BD00F0D303 /* others */,
				749B5A69236171A600F0D303 /* network */,
				749B5A672361718E00F0D303 /* data */,
				749B5A662361718800F0D303 /* utils */,
				749B5A652361718100F0D303 /* delegates */,
				749B5A622361713A00F0D303 /* mvp */,
				749B5A5F2361712C00F0D303 /* cells */,
				749B5A5E2361712400F0D303 /* viewcontrollers */,
				749B5A5D2361711C00F0D303 /* storyboards */,
				749B5A4923616E2E00F0D303 /* AppDelegate.swift */,
				749B5A5023616E2F00F0D303 /* Assets.xcassets */,
				749B5A5223616E2F00F0D303 /* LaunchScreen.storyboard */,
				749B5A5523616E2F00F0D303 /* Info.plist */,
				749B5A5B23616E9200F0D303 /* GoogleService-Info.plist */,
			);
			path = "PADC-9-WPA-IOS-Firebase-Assignment";
			sourceTree = "<group>";
		};
		749B5A5D2361711C00F0D303 /* storyboards */ = {
			isa = PBXGroup;
			children = (
				749B5A4D23616E2E00F0D303 /* Main.storyboard */,
			);
			path = storyboards;
			sourceTree = "<group>";
		};
		749B5A5E2361712400F0D303 /* viewcontrollers */ = {
			isa = PBXGroup;
			children = (
				749B5A4B23616E2E00F0D303 /* ViewController.swift */,
				7467279623620779005D04AE /* AddToFoodListViewController.swift */,
			);
			path = viewcontrollers;
			sourceTree = "<group>";
		};
		749B5A5F2361712C00F0D303 /* cells */ = {
			isa = PBXGroup;
			children = (
				749B5A612361713600F0D303 /* xibs */,
				749B5A602361713100F0D303 /* swifts */,
			);
			path = cells;
			sourceTree = "<group>";
		};
		749B5A602361713100F0D303 /* swifts */ = {
			isa = PBXGroup;
			children = (
				749B5A6E2361AED100F0D303 /* FoodListTableViewCell.swift */,
			);
			path = swifts;
			sourceTree = "<group>";
		};
		749B5A612361713600F0D303 /* xibs */ = {
			isa = PBXGroup;
			children = (
				749B5A6F2361AED100F0D303 /* FoodListTableViewCell.xib */,
			);
			path = xibs;
			sourceTree = "<group>";
		};
		749B5A622361713A00F0D303 /* mvp */ = {
			isa = PBXGroup;
			children = (
				749B5A642361717B00F0D303 /* views */,
				749B5A632361717400F0D303 /* presenters */,
			);
			path = mvp;
			sourceTree = "<group>";
		};
		749B5A632361717400F0D303 /* presenters */ = {
			isa = PBXGroup;
			children = (
			);
			path = presenters;
			sourceTree = "<group>";
		};
		749B5A642361717B00F0D303 /* views */ = {
			isa = PBXGroup;
			children = (
			);
			path = views;
			sourceTree = "<group>";
		};
		749B5A652361718100F0D303 /* delegates */ = {
			isa = PBXGroup;
			children = (
			);
			path = delegates;
			sourceTree = "<group>";
		};
		749B5A662361718800F0D303 /* utils */ = {
			isa = PBXGroup;
			children = (
			);
			path = utils;
			sourceTree = "<group>";
		};
		749B5A672361718E00F0D303 /* data */ = {
			isa = PBXGroup;
			children = (
				746727912361DE9D005D04AE /* models */,
				749B5A68236171A000F0D303 /* vos */,
			);
			path = data;
			sourceTree = "<group>";
		};
		749B5A68236171A000F0D303 /* vos */ = {
			isa = PBXGroup;
			children = (
				749B5A722361CCB800F0D303 /* EntreeVO.swift */,
				749B5A742361CCC100F0D303 /* DrinkVO.swift */,
				749B5A762361CCCF00F0D303 /* MainVO.swift */,
				749B5A782361CCE100F0D303 /* DessertVO.swift */,
			);
			path = vos;
			sourceTree = "<group>";
		};
		749B5A69236171A600F0D303 /* network */ = {
			isa = PBXGroup;
			children = (
			);
			path = network;
			sourceTree = "<group>";
		};
		749B5A6A236171BD00F0D303 /* others */ = {
			isa = PBXGroup;
			children = (
			);
			path = others;
			sourceTree = "<group>";
		};
		749B5A6B2361A76A00F0D303 /* components */ = {
			isa = PBXGroup;
			children = (
				749B5A6C2361A77600F0D303 /* CardView.swift */,
				7467279823620F44005D04AE /* ImagePickerManager.swift */,
			);
			path = components;
			sourceTree = "<group>";
		};
		7A9322796BF1D1C9B739B9C4 /* Frameworks */ = {
			isa = PBXGroup;
			children = (
				E4FED1911A68FAF52200FC92 /* Pods_PADC_9_WPA_IOS_Firebase_Assignment.framework */,
			);
			name = Frameworks;
			sourceTree = "<group>";
		};
		FE73EBB77D3AEA39273638D7 /* Pods */ = {
			isa = PBXGroup;
			children = (
				43734257F14FF852EA238DEA /* Pods-PADC-9-WPA-IOS-Firebase-Assignment.debug.xcconfig */,
				743431FBEFC9FC817F415CB6 /* Pods-PADC-9-WPA-IOS-Firebase-Assignment.release.xcconfig */,
			);
			path = Pods;
			sourceTree = "<group>";
		};
/* End PBXGroup section */

/* Begin PBXNativeTarget section */
		749B5A4523616E2E00F0D303 /* PADC-9-WPA-IOS-Firebase-Assignment */ = {
			isa = PBXNativeTarget;
			buildConfigurationList = 749B5A5823616E2F00F0D303 /* Build configuration list for PBXNativeTarget "PADC-9-WPA-IOS-Firebase-Assignment" */;
			buildPhases = (
				241877BD84D3F0D332EB9889 /* [CP] Check Pods Manifest.lock */,
				749B5A4223616E2E00F0D303 /* Sources */,
				749B5A4323616E2E00F0D303 /* Frameworks */,
				749B5A4423616E2E00F0D303 /* Resources */,
				9E91F2787729FC8506EA46C7 /* [CP] Embed Pods Frameworks */,
			);
			buildRules = (
			);
			dependencies = (
			);
			name = "PADC-9-WPA-IOS-Firebase-Assignment";
			productName = "PADC-9-WPA-IOS-Firebase-Assignment";
			productReference = 749B5A4623616E2E00F0D303 /* PADC-9-WPA-IOS-Firebase-Assignment.app */;
			productType = "com.apple.product-type.application";
		};
/* End PBXNativeTarget section */

/* Begin PBXProject section */
		749B5A3E23616E2E00F0D303 /* Project object */ = {
			isa = PBXProject;
			attributes = {
				LastSwiftUpdateCheck = 1020;
				LastUpgradeCheck = 1020;
				ORGANIZATIONNAME = Waiphyoag;
				TargetAttributes = {
					749B5A4523616E2E00F0D303 = {
						CreatedOnToolsVersion = 10.2.1;
					};
				};
			};
			buildConfigurationList = 749B5A4123616E2E00F0D303 /* Build configuration list for PBXProject "PADC-9-WPA-IOS-Firebase-Assignment" */;
			compatibilityVersion = "Xcode 9.3";
			developmentRegion = en;
			hasScannedForEncodings = 0;
			knownRegions = (
				en,
				Base,
			);
			mainGroup = 749B5A3D23616E2E00F0D303;
			productRefGroup = 749B5A4723616E2E00F0D303 /* Products */;
			projectDirPath = "";
			projectRoot = "";
			targets = (
				749B5A4523616E2E00F0D303 /* PADC-9-WPA-IOS-Firebase-Assignment */,
			);
		};
/* End PBXProject section */

/* Begin PBXResourcesBuildPhase section */
		749B5A4423616E2E00F0D303 /* Resources */ = {
			isa = PBXResourcesBuildPhase;
			buildActionMask = 2147483647;
			files = (
				749B5A712361AED100F0D303 /* FoodListTableViewCell.xib in Resources */,
				749B5A5423616E2F00F0D303 /* LaunchScreen.storyboard in Resources */,
				749B5A5C23616E9200F0D303 /* GoogleService-Info.plist in Resources */,
				749B5A5123616E2F00F0D303 /* Assets.xcassets in Resources */,
				749B5A4F23616E2E00F0D303 /* Main.storyboard in Resources */,
			);
			runOnlyForDeploymentPostprocessing = 0;
		};
/* End PBXResourcesBuildPhase section */

/* Begin PBXShellScriptBuildPhase section */
		241877BD84D3F0D332EB9889 /* [CP] Check Pods Manifest.lock */ = {
			isa = PBXShellScriptBuildPhase;
			buildActionMask = 2147483647;
			files = (
			);
			inputFileListPaths = (
			);
			inputPaths = (
				"${PODS_PODFILE_DIR_PATH}/Podfile.lock",
				"${PODS_ROOT}/Manifest.lock",
			);
			name = "[CP] Check Pods Manifest.lock";
			outputFileListPaths = (
			);
			outputPaths = (
				"$(DERIVED_FILE_DIR)/Pods-PADC-9-WPA-IOS-Firebase-Assignment-checkManifestLockResult.txt",
			);
			runOnlyForDeploymentPostprocessing = 0;
			shellPath = /bin/sh;
			shellScript = "diff \"${PODS_PODFILE_DIR_PATH}/Podfile.lock\" \"${PODS_ROOT}/Manifest.lock\" > /dev/null\nif [ $? != 0 ] ; then\n    # print error to STDERR\n    echo \"error: The sandbox is not in sync with the Podfile.lock. Run 'pod install' or update your CocoaPods installation.\" >&2\n    exit 1\nfi\n# This output is used by Xcode 'outputs' to avoid re-running this script phase.\necho \"SUCCESS\" > \"${SCRIPT_OUTPUT_FILE_0}\"\n";
			showEnvVarsInLog = 0;
		};
		9E91F2787729FC8506EA46C7 /* [CP] Embed Pods Frameworks */ = {
			isa = PBXShellScriptBuildPhase;
			buildActionMask = 2147483647;
			files = (
			);
			inputFileListPaths = (
				"${PODS_ROOT}/Target Support Files/Pods-PADC-9-WPA-IOS-Firebase-Assignment/Pods-PADC-9-WPA-IOS-Firebase-Assignment-frameworks-${CONFIGURATION}-input-files.xcfilelist",
			);
			name = "[CP] Embed Pods Frameworks";
			outputFileListPaths = (
				"${PODS_ROOT}/Target Support Files/Pods-PADC-9-WPA-IOS-Firebase-Assignment/Pods-PADC-9-WPA-IOS-Firebase-Assignment-frameworks-${CONFIGURATION}-output-files.xcfilelist",
			);
			runOnlyForDeploymentPostprocessing = 0;
			shellPath = /bin/sh;
			shellScript = "\"${PODS_ROOT}/Target Support Files/Pods-PADC-9-WPA-IOS-Firebase-Assignment/Pods-PADC-9-WPA-IOS-Firebase-Assignment-frameworks.sh\"\n";
			showEnvVarsInLog = 0;
		};
/* End PBXShellScriptBuildPhase section */

/* Begin PBXSourcesBuildPhase section */
		749B5A4223616E2E00F0D303 /* Sources */ = {
			isa = PBXSourcesBuildPhase;
			buildActionMask = 2147483647;
			files = (
				749B5A4C23616E2E00F0D303 /* ViewController.swift in Sources */,
				746727902361DE90005D04AE /* FoodListModel.swift in Sources */,
				749B5A792361CCE100F0D303 /* DessertVO.swift in Sources */,
				749B5A702361AED100F0D303 /* FoodListTableViewCell.swift in Sources */,
				746727932361DED4005D04AE /* BaseModel.swift in Sources */,
				746727952361DEE2005D04AE /* FoodListModelImpl.swift in Sources */,
				749B5A6D2361A77600F0D303 /* CardView.swift in Sources */,
				749B5A772361CCCF00F0D303 /* MainVO.swift in Sources */,
				749B5A752361CCC100F0D303 /* DrinkVO.swift in Sources */,
				7467279723620779005D04AE /* AddToFoodListViewController.swift in Sources */,
				749B5A732361CCB800F0D303 /* EntreeVO.swift in Sources */,
				7467279923620F44005D04AE /* ImagePickerManager.swift in Sources */,
				749B5A4A23616E2E00F0D303 /* AppDelegate.swift in Sources */,
			);
			runOnlyForDeploymentPostprocessing = 0;
		};
/* End PBXSourcesBuildPhase section */

/* Begin PBXVariantGroup section */
		749B5A4D23616E2E00F0D303 /* Main.storyboard */ = {
			isa = PBXVariantGroup;
			children = (
				749B5A4E23616E2E00F0D303 /* Base */,
			);
			name = Main.storyboard;
			sourceTree = "<group>";
		};
		749B5A5223616E2F00F0D303 /* LaunchScreen.storyboard */ = {
			isa = PBXVariantGroup;
			children = (
				749B5A5323616E2F00F0D303 /* Base */,
			);
			name = LaunchScreen.storyboard;
			sourceTree = "<group>";
		};
/* End PBXVariantGroup section */

/* Begin XCBuildConfiguration section */
		749B5A5623616E2F00F0D303 /* Debug */ = {
			isa = XCBuildConfiguration;
			buildSettings = {
				ALWAYS_SEARCH_USER_PATHS = NO;
				CLANG_ANALYZER_NONNULL = YES;
				CLANG_ANALYZER_NUMBER_OBJECT_CONVERSION = YES_AGGRESSIVE;
				CLANG_CXX_LANGUAGE_STANDARD = "gnu++14";
				CLANG_CXX_LIBRARY = "libc++";
				CLANG_ENABLE_MODULES = YES;
				CLANG_ENABLE_OBJC_ARC = YES;
				CLANG_ENABLE_OBJC_WEAK = YES;
				CLANG_WARN_BLOCK_CAPTURE_AUTORELEASING = YES;
				CLANG_WARN_BOOL_CONVERSION = YES;
				CLANG_WARN_COMMA = YES;
				CLANG_WARN_CONSTANT_CONVERSION = YES;
				CLANG_WARN_DEPRECATED_OBJC_IMPLEMENTATIONS = YES;
				CLANG_WARN_DIRECT_OBJC_ISA_USAGE = YES_ERROR;
				CLANG_WARN_DOCUMENTATION_COMMENTS = YES;
				CLANG_WARN_EMPTY_BODY = YES;
				CLANG_WARN_ENUM_CONVERSION = YES;
				CLANG_WARN_INFINITE_RECURSION = YES;
				CLANG_WARN_INT_CONVERSION = YES;
				CLANG_WARN_NON_LITERAL_NULL_CONVERSION = YES;
				CLANG_WARN_OBJC_IMPLICIT_RETAIN_SELF = YES;
				CLANG_WARN_OBJC_LITERAL_CONVERSION = YES;
				CLANG_WARN_OBJC_ROOT_CLASS = YES_ERROR;
				CLANG_WARN_RANGE_LOOP_ANALYSIS = YES;
				CLANG_WARN_STRICT_PROTOTYPES = YES;
				CLANG_WARN_SUSPICIOUS_MOVE = YES;
				CLANG_WARN_UNGUARDED_AVAILABILITY = YES_AGGRESSIVE;
				CLANG_WARN_UNREACHABLE_CODE = YES;
				CLANG_WARN__DUPLICATE_METHOD_MATCH = YES;
				CODE_SIGN_IDENTITY = "iPhone Developer";
				COPY_PHASE_STRIP = NO;
				DEBUG_INFORMATION_FORMAT = dwarf;
				ENABLE_STRICT_OBJC_MSGSEND = YES;
				ENABLE_TESTABILITY = YES;
				GCC_C_LANGUAGE_STANDARD = gnu11;
				GCC_DYNAMIC_NO_PIC = NO;
				GCC_NO_COMMON_BLOCKS = YES;
				GCC_OPTIMIZATION_LEVEL = 0;
				GCC_PREPROCESSOR_DEFINITIONS = (
					"DEBUG=1",
					"$(inherited)",
				);
				GCC_WARN_64_TO_32_BIT_CONVERSION = YES;
				GCC_WARN_ABOUT_RETURN_TYPE = YES_ERROR;
				GCC_WARN_UNDECLARED_SELECTOR = YES;
				GCC_WARN_UNINITIALIZED_AUTOS = YES_AGGRESSIVE;
				GCC_WARN_UNUSED_FUNCTION = YES;
				GCC_WARN_UNUSED_VARIABLE = YES;
				IPHONEOS_DEPLOYMENT_TARGET = 12.2;
				MTL_ENABLE_DEBUG_INFO = INCLUDE_SOURCE;
				MTL_FAST_MATH = YES;
				ONLY_ACTIVE_ARCH = YES;
				SDKROOT = iphoneos;
				SWIFT_ACTIVE_COMPILATION_CONDITIONS = DEBUG;
				SWIFT_OPTIMIZATION_LEVEL = "-Onone";
			};
			name = Debug;
		};
		749B5A5723616E2F00F0D303 /* Release */ = {
			isa = XCBuildConfiguration;
			buildSettings = {
				ALWAYS_SEARCH_USER_PATHS = NO;
				CLANG_ANALYZER_NONNULL = YES;
				CLANG_ANALYZER_NUMBER_OBJECT_CONVERSION = YES_AGGRESSIVE;
				CLANG_CXX_LANGUAGE_STANDARD = "gnu++14";
				CLANG_CXX_LIBRARY = "libc++";
				CLANG_ENABLE_MODULES = YES;
				CLANG_ENABLE_OBJC_ARC = YES;
				CLANG_ENABLE_OBJC_WEAK = YES;
				CLANG_WARN_BLOCK_CAPTURE_AUTORELEASING = YES;
				CLANG_WARN_BOOL_CONVERSION = YES;
				CLANG_WARN_COMMA = YES;
				CLANG_WARN_CONSTANT_CONVERSION = YES;
				CLANG_WARN_DEPRECATED_OBJC_IMPLEMENTATIONS = YES;
				CLANG_WARN_DIRECT_OBJC_ISA_USAGE = YES_ERROR;
				CLANG_WARN_DOCUMENTATION_COMMENTS = YES;
				CLANG_WARN_EMPTY_BODY = YES;
				CLANG_WARN_ENUM_CONVERSION = YES;
				CLANG_WARN_INFINITE_RECURSION = YES;
				CLANG_WARN_INT_CONVERSION = YES;
				CLANG_WARN_NON_LITERAL_NULL_CONVERSION = YES;
				CLANG_WARN_OBJC_IMPLICIT_RETAIN_SELF = YES;
				CLANG_WARN_OBJC_LITERAL_CONVERSION = YES;
				CLANG_WARN_OBJC_ROOT_CLASS = YES_ERROR;
				CLANG_WARN_RANGE_LOOP_ANALYSIS = YES;
				CLANG_WARN_STRICT_PROTOTYPES = YES;
				CLANG_WARN_SUSPICIOUS_MOVE = YES;
				CLANG_WARN_UNGUARDED_AVAILABILITY = YES_AGGRESSIVE;
				CLANG_WARN_UNREACHABLE_CODE = YES;
				CLANG_WARN__DUPLICATE_METHOD_MATCH = YES;
				CODE_SIGN_IDENTITY = "iPhone Developer";
				COPY_PHASE_STRIP = NO;
				DEBUG_INFORMATION_FORMAT = "dwarf-with-dsym";
				ENABLE_NS_ASSERTIONS = NO;
				ENABLE_STRICT_OBJC_MSGSEND = YES;
				GCC_C_LANGUAGE_STANDARD = gnu11;
				GCC_NO_COMMON_BLOCKS = YES;
				GCC_WARN_64_TO_32_BIT_CONVERSION = YES;
				GCC_WARN_ABOUT_RETURN_TYPE = YES_ERROR;
				GCC_WARN_UNDECLARED_SELECTOR = YES;
				GCC_WARN_UNINITIALIZED_AUTOS = YES_AGGRESSIVE;
				GCC_WARN_UNUSED_FUNCTION = YES;
				GCC_WARN_UNUSED_VARIABLE = YES;
				IPHONEOS_DEPLOYMENT_TARGET = 12.2;
				MTL_ENABLE_DEBUG_INFO = NO;
				MTL_FAST_MATH = YES;
				SDKROOT = iphoneos;
				SWIFT_COMPILATION_MODE = wholemodule;
				SWIFT_OPTIMIZATION_LEVEL = "-O";
				VALIDATE_PRODUCT = YES;
			};
			name = Release;
		};
		749B5A5923616E2F00F0D303 /* Debug */ = {
			isa = XCBuildConfiguration;
			baseConfigurationReference = 43734257F14FF852EA238DEA /* Pods-PADC-9-WPA-IOS-Firebase-Assignment.debug.xcconfig */;
			buildSettings = {
				ASSETCATALOG_COMPILER_APPICON_NAME = AppIcon;
				CODE_SIGN_STYLE = Automatic;
				INFOPLIST_FILE = "PADC-9-WPA-IOS-Firebase-Assignment/Info.plist";
				LD_RUNPATH_SEARCH_PATHS = (
					"$(inherited)",
					"@executable_path/Frameworks",
				);
				PRODUCT_BUNDLE_IDENTIFIER = "com.padc.PADC-9-WPA-IOS-Firebase-Assignment";
				PRODUCT_NAME = "$(TARGET_NAME)";
				SWIFT_VERSION = 5.0;
				TARGETED_DEVICE_FAMILY = "1,2";
			};
			name = Debug;
		};
		749B5A5A23616E2F00F0D303 /* Release */ = {
			isa = XCBuildConfiguration;
			baseConfigurationReference = 743431FBEFC9FC817F415CB6 /* Pods-PADC-9-WPA-IOS-Firebase-Assignment.release.xcconfig */;
			buildSettings = {
				ASSETCATALOG_COMPILER_APPICON_NAME = AppIcon;
				CODE_SIGN_STYLE = Automatic;
				INFOPLIST_FILE = "PADC-9-WPA-IOS-Firebase-Assignment/Info.plist";
				LD_RUNPATH_SEARCH_PATHS = (
					"$(inherited)",
					"@executable_path/Frameworks",
				);
				PRODUCT_BUNDLE_IDENTIFIER = "com.padc.PADC-9-WPA-IOS-Firebase-Assignment";
				PRODUCT_NAME = "$(TARGET_NAME)";
				SWIFT_VERSION = 5.0;
				TARGETED_DEVICE_FAMILY = "1,2";
			};
			name = Release;
		};
/* End XCBuildConfiguration section */

/* Begin XCConfigurationList section */
		749B5A4123616E2E00F0D303 /* Build configuration list for PBXProject "PADC-9-WPA-IOS-Firebase-Assignment" */ = {
			isa = XCConfigurationList;
			buildConfigurations = (
				749B5A5623616E2F00F0D303 /* Debug */,
				749B5A5723616E2F00F0D303 /* Release */,
			);
			defaultConfigurationIsVisible = 0;
			defaultConfigurationName = Release;
		};
		749B5A5823616E2F00F0D303 /* Build configuration list for PBXNativeTarget "PADC-9-WPA-IOS-Firebase-Assignment" */ = {
			isa = XCConfigurationList;
			buildConfigurations = (
				749B5A5923616E2F00F0D303 /* Debug */,
				749B5A5A23616E2F00F0D303 /* Release */,
			);
			defaultConfigurationIsVisible = 0;
			defaultConfigurationName = Release;
		};
/* End XCConfigurationList section */
	};
	rootObject = 749B5A3E23616E2E00F0D303 /* Project object */;
}
